
Microsoft Visual Studio Solution File, Format Version 12.00
# Visual Studio Version 16
VisualStudioVersion = 16.0.30804.86
MinimumVisualStudioVersion = 10.0.40219.1
Project("{FAE04EC0-301F-11D3-BF4B-00C04F79EFBC}") = "01.Scheduling", "01.Scheduling\01.Scheduling.csproj", "{7480E69C-8F02-4E12-B778-854A0E685823}"
EndProject
Project("{FAE04EC0-301F-11D3-BF4B-00C04F79EFBC}") = "02.Garden", "02.Garden\02.Garden.csproj", "{5A88A37A-E119-4D85-BAB8-C8F3EE8252E3}"
EndProject
Project("{FAE04EC0-301F-11D3-BF4B-00C04F79EFBC}") = "03.Classroom", "03.Classroom\03.Classroom.csproj", "{D051E29A-DA6C-4CBB-ADB2-075380F1B427}"
EndProject
Project("{FAE04EC0-301F-11D3-BF4B-00C04F79EFBC}") = "04.WarmWinter", "04.WarmWinter\04.WarmWinter.csproj", "{85DAF3A5-5D5F-437E-B5FA-BF0020AE07EF}"
EndProject
Project("{FAE04EC0-301F-11D3-BF4B-00C04F79EFBC}") = "05.SuperMario", "05.SuperMario\05.SuperMario.csproj", "{D9409E21-67F6-4771-A8E5-8F978C854C49}"
EndProject
Project("{FAE04EC0-301F-11D3-BF4B-00C04F79EFBC}") = "06.CocktailParty", "06.CocktailParty\06.CocktailParty.csproj", "{BB911152-8BD1-424E-A58A-D02C53D07BBE}"
EndProject
Project("{FAE04EC0-301F-11D3-BF4B-00C04F79EFBC}") = "07.Cooking", "07.Cooking\07.Cooking.csproj", "{046F2139-9447-4266-9C51-C9C261E681B3}"
EndProject
Project("{FAE04EC0-301F-11D3-BF4B-00C04F79EFBC}") = "08.Selling", "08.Selling\08.Selling.csproj", "{BEA080D9-09A5-45AE-85A5-3F385F23D563}"
EndProject
Project("{FAE04EC0-301F-11D3-BF4B-00C04F79EFBC}") = "01.SantasPresentFactory", "01.SantasPresentFactory\01.SantasPresentFactory.csproj", "{7D19D843-1FB8-4728-B983-08E0144FA203}"
EndProject
Project("{FAE04EC0-301F-11D3-BF4B-00C04F79EFBC}") = "02.PresentDelivery", "02.PresentDelivery\02.PresentDelivery.csproj", "{28E5F798-F909-4DCE-9208-F2171CEAEA5F}"
EndProject
Project("{FAE04EC0-301F-11D3-BF4B-00C04F79EFBC}") = "03.SantasBagOfPresents", "03.SantasBagOfPresents\03.SantasBagOfPresents.csproj", "{A2F6488C-1D7F-41FF-A5B1-DE4E2D2FEF25}"
EndProject
Project("{FAE04EC0-301F-11D3-BF4B-00C04F79EFBC}") = "03.Rabbits", "03.Rabbits\03.Rabbits.csproj", "{15947B95-8697-4152-A653-568BF0EEDDF9}"
EndProject
Project("{FAE04EC0-301F-11D3-BF4B-00C04F79EFBC}") = "01.Masterchef", "01.Masterchef\01.Masterchef.csproj", "{F3ABE91C-9DA7-4CDC-A164-B5442F6F8BC8}"
EndProject
Project("{FAE04EC0-301F-11D3-BF4B-00C04F79EFBC}") = "02.Survivor", "02.Survivor\02.Survivor.csproj", "{7264168B-D8C4-4C85-BB57-4136D20947EF}"
EndProject
Project("{FAE04EC0-301F-11D3-BF4B-00C04F79EFBC}") = "SkiRental", "SkiRental\SkiRental.csproj", "{B307328D-766B-4396-A39F-3BC1E2B0C4F1}"
EndProject
Project("{FAE04EC0-301F-11D3-BF4B-00C04F79EFBC}") = "Beach", "Beach\Beach.csproj", "{5B63CE67-B218-43A4-9F85-41D2D8619540}"
EndProject
Project("{FAE04EC0-301F-11D3-BF4B-00C04F79EFBC}") = "SurvivorFinal", "SurvivorFinal\SurvivorFinal.csproj", "{AA61661E-1287-453B-954C-6497A9587F52}"
EndProject
Project("{FAE04EC0-301F-11D3-BF4B-00C04F79EFBC}") = "Test", "Test\Test.csproj", "{0EF4D5CC-140A-48E7-AD83-62F49C204F77}"
EndProject
Global
	GlobalSection(SolutionConfigurationPlatforms) = preSolution
		Debug|Any CPU = Debug|Any CPU
		Release|Any CPU = Release|Any CPU
	EndGlobalSection
	GlobalSection(ProjectConfigurationPlatforms) = postSolution
		{7480E69C-8F02-4E12-B778-854A0E685823}.Debug|Any CPU.ActiveCfg = Debug|Any CPU
		{7480E69C-8F02-4E12-B778-854A0E685823}.Debug|Any CPU.Build.0 = Debug|Any CPU
		{7480E69C-8F02-4E12-B778-854A0E685823}.Release|Any CPU.ActiveCfg = Release|Any CPU
		{7480E69C-8F02-4E12-B778-854A0E685823}.Release|Any CPU.Build.0 = Release|Any CPU
		{5A88A37A-E119-4D85-BAB8-C8F3EE8252E3}.Debug|Any CPU.ActiveCfg = Debug|Any CPU
		{5A88A37A-E119-4D85-BAB8-C8F3EE8252E3}.Debug|Any CPU.Build.0 = Debug|Any CPU
		{5A88A37A-E119-4D85-BAB8-C8F3EE8252E3}.Release|Any CPU.ActiveCfg = Release|Any CPU
		{5A88A37A-E119-4D85-BAB8-C8F3EE8252E3}.Release|Any CPU.Build.0 = Release|Any CPU
		{D051E29A-DA6C-4CBB-ADB2-075380F1B427}.Debug|Any CPU.ActiveCfg = Debug|Any CPU
		{D051E29A-DA6C-4CBB-ADB2-075380F1B427}.Debug|Any CPU.Build.0 = Debug|Any CPU
		{D051E29A-DA6C-4CBB-ADB2-075380F1B427}.Release|Any CPU.ActiveCfg = Release|Any CPU
		{D051E29A-DA6C-4CBB-ADB2-075380F1B427}.Release|Any CPU.Build.0 = Release|Any CPU
		{85DAF3A5-5D5F-437E-B5FA-BF0020AE07EF}.Debug|Any CPU.ActiveCfg = Debug|Any CPU
		{85DAF3A5-5D5F-437E-B5FA-BF0020AE07EF}.Debug|Any CPU.Build.0 = Debug|Any CPU
		{85DAF3A5-5D5F-437E-B5FA-BF0020AE07EF}.Release|Any CPU.ActiveCfg = Release|Any CPU
		{85DAF3A5-5D5F-437E-B5FA-BF0020AE07EF}.Release|Any CPU.Build.0 = Release|Any CPU
		{D9409E21-67F6-4771-A8E5-8F978C854C49}.Debug|Any CPU.ActiveCfg = Debug|Any CPU
		{D9409E21-67F6-4771-A8E5-8F978C854C49}.Debug|Any CPU.Build.0 = Debug|Any CPU
		{D9409E21-67F6-4771-A8E5-8F978C854C49}.Release|Any CPU.ActiveCfg = Release|Any CPU
		{D9409E21-67F6-4771-A8E5-8F978C854C49}.Release|Any CPU.Build.0 = Release|Any CPU
		{BB911152-8BD1-424E-A58A-D02C53D07BBE}.Debug|Any CPU.ActiveCfg = Debug|Any CPU
		{BB911152-8BD1-424E-A58A-D02C53D07BBE}.Debug|Any CPU.Build.0 = Debug|Any CPU
		{BB911152-8BD1-424E-A58A-D02C53D07BBE}.Release|Any CPU.ActiveCfg = Release|Any CPU
		{BB911152-8BD1-424E-A58A-D02C53D07BBE}.Release|Any CPU.Build.0 = Release|Any CPU
		{046F2139-9447-4266-9C51-C9C261E681B3}.Debug|Any CPU.ActiveCfg = Debug|Any CPU
		{046F2139-9447-4266-9C51-C9C261E681B3}.Debug|Any CPU.Build.0 = Debug|Any CPU
		{046F2139-9447-4266-9C51-C9C261E681B3}.Release|Any CPU.ActiveCfg = Release|Any CPU
		{046F2139-9447-4266-9C51-C9C261E681B3}.Release|Any CPU.Build.0 = Release|Any CPU
		{BEA080D9-09A5-45AE-85A5-3F385F23D563}.Debug|Any CPU.ActiveCfg = Debug|Any CPU
		{BEA080D9-09A5-45AE-85A5-3F385F23D563}.Debug|Any CPU.Build.0 = Debug|Any CPU
		{BEA080D9-09A5-45AE-85A5-3F385F23D563}.Release|Any CPU.ActiveCfg = Release|Any CPU
		{BEA080D9-09A5-45AE-85A5-3F385F23D563}.Release|Any CPU.Build.0 = Release|Any CPU
		{7D19D843-1FB8-4728-B983-08E0144FA203}.Debug|Any CPU.ActiveCfg = Debug|Any CPU
		{7D19D843-1FB8-4728-B983-08E0144FA203}.Debug|Any CPU.Build.0 = Debug|Any CPU
		{7D19D843-1FB8-4728-B983-08E0144FA203}.Release|Any CPU.ActiveCfg = Release|Any CPU
		{7D19D843-1FB8-4728-B983-08E0144FA203}.Release|Any CPU.Build.0 = Release|Any CPU
		{28E5F798-F909-4DCE-9208-F2171CEAEA5F}.Debug|Any CPU.ActiveCfg = Debug|Any CPU
		{28E5F798-F909-4DCE-9208-F2171CEAEA5F}.Debug|Any CPU.Build.0 = Debug|Any CPU
		{28E5F798-F909-4DCE-9208-F2171CEAEA5F}.Release|Any CPU.ActiveCfg = Release|Any CPU
		{28E5F798-F909-4DCE-9208-F2171CEAEA5F}.Release|Any CPU.Build.0 = Release|Any CPU
		{A2F6488C-1D7F-41FF-A5B1-DE4E2D2FEF25}.Debug|Any CPU.ActiveCfg = Debug|Any CPU
		{A2F6488C-1D7F-41FF-A5B1-DE4E2D2FEF25}.Debug|Any CPU.Build.0 = Debug|Any CPU
		{A2F6488C-1D7F-41FF-A5B1-DE4E2D2FEF25}.Release|Any CPU.ActiveCfg = Release|Any CPU
		{A2F6488C-1D7F-41FF-A5B1-DE4E2D2FEF25}.Release|Any CPU.Build.0 = Release|Any CPU
		{15947B95-8697-4152-A653-568BF0EEDDF9}.Debug|Any CPU.ActiveCfg = Debug|Any CPU
		{15947B95-8697-4152-A653-568BF0EEDDF9}.Debug|Any CPU.Build.0 = Debug|Any CPU
		{15947B95-8697-4152-A653-568BF0EEDDF9}.Release|Any CPU.ActiveCfg = Release|Any CPU
		{15947B95-8697-4152-A653-568BF0EEDDF9}.Release|Any CPU.Build.0 = Release|Any CPU
		{F3ABE91C-9DA7-4CDC-A164-B5442F6F8BC8}.Debug|Any CPU.ActiveCfg = Debug|Any CPU
		{F3ABE91C-9DA7-4CDC-A164-B5442F6F8BC8}.Debug|Any CPU.Build.0 = Debug|Any CPU
		{F3ABE91C-9DA7-4CDC-A164-B5442F6F8BC8}.Release|Any CPU.ActiveCfg = Release|Any CPU
		{F3ABE91C-9DA7-4CDC-A164-B5442F6F8BC8}.Release|Any CPU.Build.0 = Release|Any CPU
		{7264168B-D8C4-4C85-BB57-4136D20947EF}.Debug|Any CPU.ActiveCfg = Debug|Any CPU
		{7264168B-D8C4-4C85-BB57-4136D20947EF}.Debug|Any CPU.Build.0 = Debug|Any CPU
		{7264168B-D8C4-4C85-BB57-4136D20947EF}.Release|Any CPU.ActiveCfg = Release|Any CPU
		{7264168B-D8C4-4C85-BB57-4136D20947EF}.Release|Any CPU.Build.0 = Release|Any CPU
		{B307328D-766B-4396-A39F-3BC1E2B0C4F1}.Debug|Any CPU.ActiveCfg = Debug|Any CPU
		{B307328D-766B-4396-A39F-3BC1E2B0C4F1}.Debug|Any CPU.Build.0 = Debug|Any CPU
		{B307328D-766B-4396-A39F-3BC1E2B0C4F1}.Release|Any CPU.ActiveCfg = Release|Any CPU
		{B307328D-766B-4396-A39F-3BC1E2B0C4F1}.Release|Any CPU.Build.0 = Release|Any CPU
		{5B63CE67-B218-43A4-9F85-41D2D8619540}.Debug|Any CPU.ActiveCfg = Debug|Any CPU
		{5B63CE67-B218-43A4-9F85-41D2D8619540}.Debug|Any CPU.Build.0 = Debug|Any CPU
		{5B63CE67-B218-43A4-9F85-41D2D8619540}.Release|Any CPU.ActiveCfg = Release|Any CPU
		{5B63CE67-B218-43A4-9F85-41D2D8619540}.Release|Any CPU.Build.0 = Release|Any CPU
		{AA61661E-1287-453B-954C-6497A9587F52}.Debug|Any CPU.ActiveCfg = Debug|Any CPU
		{AA61661E-1287-453B-954C-6497A9587F52}.Debug|Any CPU.Build.0 = Debug|Any CPU
		{AA61661E-1287-453B-954C-6497A9587F52}.Release|Any CPU.ActiveCfg = Release|Any CPU
		{AA61661E-1287-453B-954C-6497A9587F52}.Release|Any CPU.Build.0 = Release|Any CPU
		{0EF4D5CC-140A-48E7-AD83-62F49C204F77}.Debug|Any CPU.ActiveCfg = Debug|Any CPU
		{0EF4D5CC-140A-48E7-AD83-62F49C204F77}.Debug|Any CPU.Build.0 = Debug|Any CPU
		{0EF4D5CC-140A-48E7-AD83-62F49C204F77}.Release|Any CPU.ActiveCfg = Release|Any CPU
		{0EF4D5CC-140A-48E7-AD83-62F49C204F77}.Release|Any CPU.Build.0 = Release|Any CPU
	EndGlobalSection
	GlobalSection(SolutionProperties) = preSolution
		HideSolutionNode = FALSE
	EndGlobalSection
	GlobalSection(ExtensibilityGlobals) = postSolution
		SolutionGuid = {4E6D50B6-F06A-4F8C-96E5-9B6726B081A0}
	EndGlobalSection
EndGlobal
